
Microsoft Visual Studio Solution File, Format Version 12.00
# Visual Studio Version 16
VisualStudioVersion = 16.0.29324.140
MinimumVisualStudioVersion = 10.0.40219.1
Project("{FAE04EC0-301F-11D3-BF4B-00C04F79EFBC}") = "Worker", "Worker\Worker.csproj", "{1360A564-1A03-49A0-950D-20CAF3528DC2}"
EndProject
Project("{FAE04EC0-301F-11D3-BF4B-00C04F79EFBC}") = "Peoples", "People\Peoples.csproj", "{A259BD25-64C3-4F76-BEE2-90F9D5B3AAA4}"
EndProject
Global
	GlobalSection(SolutionConfigurationPlatforms) = preSolution
		Debug|Any CPU = Debug|Any CPU
		Release|Any CPU = Release|Any CPU
	EndGlobalSection
	GlobalSection(ProjectConfigurationPlatforms) = postSolution
		{1360A564-1A03-49A0-950D-20CAF3528DC2}.Debug|Any CPU.ActiveCfg = Debug|Any CPU
		{1360A564-1A03-49A0-950D-20CAF3528DC2}.Debug|Any CPU.Build.0 = Debug|Any CPU
		{1360A564-1A03-49A0-950D-20CAF3528DC2}.Release|Any CPU.ActiveCfg = Release|Any CPU
		{1360A564-1A03-49A0-950D-20CAF3528DC2}.Release|Any CPU.Build.0 = Release|Any CPU
		{A259BD25-64C3-4F76-BEE2-90F9D5B3AAA4}.Debug|Any CPU.ActiveCfg = Debug|Any CPU
		{A259BD25-64C3-4F76-BEE2-90F9D5B3AAA4}.Debug|Any CPU.Build.0 = Debug|Any CPU
		{A259BD25-64C3-4F76-BEE2-90F9D5B3AAA4}.Release|Any CPU.ActiveCfg = Release|Any CPU
		{A259BD25-64C3-4F76-BEE2-90F9D5B3AAA4}.Release|Any CPU.Build.0 = Release|Any CPU
	EndGlobalSection
	GlobalSection(SolutionProperties) = preSolution
		HideSolutionNode = FALSE
	EndGlobalSection
	GlobalSection(ExtensibilityGlobals) = postSolution
		SolutionGuid = {AFFE41F7-DDFE-4352-9D54-209C97566A97}
	EndGlobalSection
EndGlobal
